# This file is automatically @generated by Cargo.
# It is not intended for manual editing.
version = 4

[[package]]
name = "corrode-db"
version = "0.1.0"

[[package]]
name = "corrode-instance"
version = "0.1.0"

[[package]]
name = "corrode-mods"
version = "0.1.0"

[[package]]
name = "corrode-server"
version = "0.1.0"
